<Solution>
  <Project Path="DshEtlSearch.Api/DshEtlSearch.Api.csproj" />
  <Project Path="DshEtlSearch.Core/DshEtlSearch.Core.csproj" />
  <Project Path="DshEtlSearch.Infrastructure/DshEtlSearch.Infrastructure.csproj" />
  <Project Path="DshEtlSearch.IntegrationTests/DshEtlSearch.IntegrationTests.csproj" />
  <Project Path="DshEtlSearch.UnitTests/DshEtlSearch.UnitTests.csproj" />
</Solution>

